
Microsoft Visual Studio Solution File, Format Version 12.00
# Visual Studio Version 17
VisualStudioVersion = 17.9.34728.123
MinimumVisualStudioVersion = 10.0.40219.1
Project("{FAE04EC0-301F-11D3-BF4B-00C04F79EFBC}") = "Bot", "Bot\Bot.csproj", "{DF810705-64AF-4812-97E4-B1A6F7BECFE5}"
EndProject
Global
	GlobalSection(SolutionConfigurationPlatforms) = preSolution
		Debug|Any CPU = Debug|Any CPU
		Release|Any CPU = Release|Any CPU
	EndGlobalSection
	GlobalSection(ProjectConfigurationPlatforms) = postSolution
		{DF810705-64AF-4812-97E4-B1A6F7BECFE5}.Debug|Any CPU.ActiveCfg = Debug|Any CPU
		{DF810705-64AF-4812-97E4-B1A6F7BECFE5}.Debug|Any CPU.Build.0 = Debug|Any CPU
		{DF810705-64AF-4812-97E4-B1A6F7BECFE5}.Release|Any CPU.ActiveCfg = Release|Any CPU
		{DF810705-64AF-4812-97E4-B1A6F7BECFE5}.Release|Any CPU.Build.0 = Release|Any CPU
	EndGlobalSection
	GlobalSection(SolutionProperties) = preSolution
		HideSolutionNode = FALSE
	EndGlobalSection
	GlobalSection(ExtensibilityGlobals) = postSolution
		SolutionGuid = {1D80CABD-348D-46A3-95A7-29A272C509F0}
	EndGlobalSection
EndGlobal
